
Microsoft Visual Studio Solution File, Format Version 12.00
# Visual Studio Version 17
VisualStudioVersion = 17.10.35122.118
MinimumVisualStudioVersion = 10.0.40219.1
Project("{FAE04EC0-301F-11D3-BF4B-00C04F79EFBC}") = "InteresCompuesto", "InteresCompuesto\InteresCompuesto.csproj", "{91D8C064-604A-4351-8DC6-D8ECEA6B50EF}"
EndProject
Global
	GlobalSection(SolutionConfigurationPlatforms) = preSolution
		Debug|Any CPU = Debug|Any CPU
		Release|Any CPU = Release|Any CPU
	EndGlobalSection
	GlobalSection(ProjectConfigurationPlatforms) = postSolution
		{91D8C064-604A-4351-8DC6-D8ECEA6B50EF}.Debug|Any CPU.ActiveCfg = Debug|Any CPU
		{91D8C064-604A-4351-8DC6-D8ECEA6B50EF}.Debug|Any CPU.Build.0 = Debug|Any CPU
		{91D8C064-604A-4351-8DC6-D8ECEA6B50EF}.Release|Any CPU.ActiveCfg = Release|Any CPU
		{91D8C064-604A-4351-8DC6-D8ECEA6B50EF}.Release|Any CPU.Build.0 = Release|Any CPU
	EndGlobalSection
	GlobalSection(SolutionProperties) = preSolution
		HideSolutionNode = FALSE
	EndGlobalSection
	GlobalSection(ExtensibilityGlobals) = postSolution
		SolutionGuid = {EF4A2E83-F342-430E-8804-8D74480A2415}
	EndGlobalSection
EndGlobal
